
Microsoft Visual Studio Solution File, Format Version 12.00
# Visual Studio Version 17
VisualStudioVersion = 17.4.33122.133
MinimumVisualStudioVersion = 10.0.40219.1
Project("{8BC9CEB8-8B4A-11D0-8D11-00A0C91BC942}") = "CFlappyBird", "CFlappyBird.vcxproj", "{4B6525A5-6DA4-4E15-80BA-A6A67AE6232A}"
EndProject
Global
	GlobalSection(SolutionConfigurationPlatforms) = preSolution
		Debug|x64 = Debug|x64
		Debug|x86 = Debug|x86
		Release|x64 = Release|x64
		Release|x86 = Release|x86
	EndGlobalSection
	GlobalSection(ProjectConfigurationPlatforms) = postSolution
		{4B6525A5-6DA4-4E15-80BA-A6A67AE6232A}.Debug|x64.ActiveCfg = Debug|x64
		{4B6525A5-6DA4-4E15-80BA-A6A67AE6232A}.Debug|x64.Build.0 = Debug|x64
		{4B6525A5-6DA4-4E15-80BA-A6A67AE6232A}.Debug|x86.ActiveCfg = Debug|Win32
		{4B6525A5-6DA4-4E15-80BA-A6A67AE6232A}.Debug|x86.Build.0 = Debug|Win32
		{4B6525A5-6DA4-4E15-80BA-A6A67AE6232A}.Release|x64.ActiveCfg = Release|x64
		{4B6525A5-6DA4-4E15-80BA-A6A67AE6232A}.Release|x64.Build.0 = Release|x64
		{4B6525A5-6DA4-4E15-80BA-A6A67AE6232A}.Release|x86.ActiveCfg = Release|Win32
		{4B6525A5-6DA4-4E15-80BA-A6A67AE6232A}.Release|x86.Build.0 = Release|Win32
	EndGlobalSection
	GlobalSection(SolutionProperties) = preSolution
		HideSolutionNode = FALSE
	EndGlobalSection
	GlobalSection(ExtensibilityGlobals) = postSolution
		SolutionGuid = {C00D1B91-59AB-43D3-926B-F3C18EE92FDF}
	EndGlobalSection
EndGlobal
